// !$*UTF8*$!
{
	archiveVersion = 1;
	classes = {
	};
	objectVersion = 46;
	objects = {

/* Begin PBXBuildFile section */
		F17E76F41F310C4900BE20D4 /* ny1.1.gpx in Resources */ = {isa = PBXBuildFile; fileRef = F17E76F31F310C4900BE20D4 /* ny1.1.gpx */; };
		F17E76F61F310CC500BE20D4 /* ny1.2.gpx in Resources */ = {isa = PBXBuildFile; fileRef = F17E76F51F310CC500BE20D4 /* ny1.2.gpx */; };
		F17E76F81F3117A100BE20D4 /* ny1.3.gpx in Resources */ = {isa = PBXBuildFile; fileRef = F17E76F71F3117A100BE20D4 /* ny1.3.gpx */; };
		F17E76FA1F311B2A00BE20D4 /* cp2.3.gpx in Resources */ = {isa = PBXBuildFile; fileRef = F17E76F91F311B2A00BE20D4 /* cp2.3.gpx */; };
		F17E76FC1F311D7C00BE20D4 /* cp2.4.gpx in Resources */ = {isa = PBXBuildFile; fileRef = F17E76FB1F311D7C00BE20D4 /* cp2.4.gpx */; };
		F17E76FE1F312E2A00BE20D4 /* ny1.4.gpx in Resources */ = {isa = PBXBuildFile; fileRef = F17E76FD1F312E2A00BE20D4 /* ny1.4.gpx */; };
		F1C0A3C11F2E66D700CE1B6B /* AppDelegate.swift in Sources */ = {isa = PBXBuildFile; fileRef = F1C0A3C01F2E66D700CE1B6B /* AppDelegate.swift */; };
		F1C0A3C31F2E66D700CE1B6B /* GameScene.sks in Resources */ = {isa = PBXBuildFile; fileRef = F1C0A3C21F2E66D700CE1B6B /* GameScene.sks */; };
		F1C0A3C51F2E66D700CE1B6B /* Actions.sks in Resources */ = {isa = PBXBuildFile; fileRef = F1C0A3C41F2E66D700CE1B6B /* Actions.sks */; };
		F1C0A3C71F2E66D700CE1B6B /* GameScene.swift in Sources */ = {isa = PBXBuildFile; fileRef = F1C0A3C61F2E66D700CE1B6B /* GameScene.swift */; };
		F1C0A3C91F2E66D700CE1B6B /* GameViewController.swift in Sources */ = {isa = PBXBuildFile; fileRef = F1C0A3C81F2E66D700CE1B6B /* GameViewController.swift */; };
		F1C0A3CC1F2E66D700CE1B6B /* Main.storyboard in Resources */ = {isa = PBXBuildFile; fileRef = F1C0A3CA1F2E66D700CE1B6B /* Main.storyboard */; };
		F1C0A3CE1F2E66D700CE1B6B /* Assets.xcassets in Resources */ = {isa = PBXBuildFile; fileRef = F1C0A3CD1F2E66D700CE1B6B /* Assets.xcassets */; };
		F1C0A3D11F2E66D700CE1B6B /* LaunchScreen.storyboard in Resources */ = {isa = PBXBuildFile; fileRef = F1C0A3CF1F2E66D700CE1B6B /* LaunchScreen.storyboard */; };
		F1C0A3D91F2E670100CE1B6B /* cp2.2.gpx in Resources */ = {isa = PBXBuildFile; fileRef = F1C0A3D81F2E670100CE1B6B /* cp2.2.gpx */; };
/* End PBXBuildFile section */

/* Begin PBXFileReference section */
		F17E76F31F310C4900BE20D4 /* ny1.1.gpx */ = {isa = PBXFileReference; fileEncoding = 4; lastKnownFileType = text.xml; path = ny1.1.gpx; sourceTree = "<group>"; };
		F17E76F51F310CC500BE20D4 /* ny1.2.gpx */ = {isa = PBXFileReference; fileEncoding = 4; lastKnownFileType = text.xml; path = ny1.2.gpx; sourceTree = "<group>"; };
		F17E76F71F3117A100BE20D4 /* ny1.3.gpx */ = {isa = PBXFileReference; fileEncoding = 4; lastKnownFileType = text.xml; path = ny1.3.gpx; sourceTree = "<group>"; };
		F17E76F91F311B2A00BE20D4 /* cp2.3.gpx */ = {isa = PBXFileReference; fileEncoding = 4; lastKnownFileType = text.xml; path = cp2.3.gpx; sourceTree = "<group>"; };
		F17E76FB1F311D7C00BE20D4 /* cp2.4.gpx */ = {isa = PBXFileReference; fileEncoding = 4; lastKnownFileType = text.xml; path = cp2.4.gpx; sourceTree = "<group>"; };
		F17E76FD1F312E2A00BE20D4 /* ny1.4.gpx */ = {isa = PBXFileReference; fileEncoding = 4; lastKnownFileType = text.xml; path = ny1.4.gpx; sourceTree = "<group>"; };
		F1C0A3BD1F2E66D700CE1B6B /* pokemon.app */ = {isa = PBXFileReference; explicitFileType = wrapper.application; includeInIndex = 0; path = pokemon.app; sourceTree = BUILT_PRODUCTS_DIR; };
		F1C0A3C01F2E66D700CE1B6B /* AppDelegate.swift */ = {isa = PBXFileReference; lastKnownFileType = sourcecode.swift; path = AppDelegate.swift; sourceTree = "<group>"; };
		F1C0A3C21F2E66D700CE1B6B /* GameScene.sks */ = {isa = PBXFileReference; lastKnownFileType = file.sks; path = GameScene.sks; sourceTree = "<group>"; };
		F1C0A3C41F2E66D700CE1B6B /* Actions.sks */ = {isa = PBXFileReference; lastKnownFileType = file.sks; path = Actions.sks; sourceTree = "<group>"; };
		F1C0A3C61F2E66D700CE1B6B /* GameScene.swift */ = {isa = PBXFileReference; lastKnownFileType = sourcecode.swift; path = GameScene.swift; sourceTree = "<group>"; };
		F1C0A3C81F2E66D700CE1B6B /* GameViewController.swift */ = {isa = PBXFileReference; lastKnownFileType = sourcecode.swift; path = GameViewController.swift; sourceTree = "<group>"; };
		F1C0A3CB1F2E66D700CE1B6B /* Base */ = {isa = PBXFileReference; lastKnownFileType = file.storyboard; name = Base; path = Base.lproj/Main.storyboard; sourceTree = "<group>"; };
		F1C0A3CD1F2E66D700CE1B6B /* Assets.xcassets */ = {isa = PBXFileReference; lastKnownFileType = folder.assetcatalog; path = Assets.xcassets; sourceTree = "<group>"; };
		F1C0A3D01F2E66D700CE1B6B /* Base */ = {isa = PBXFileReference; lastKnownFileType = file.storyboard; name = Base; path = Base.lproj/LaunchScreen.storyboard; sourceTree = "<group>"; };
		F1C0A3D21F2E66D700CE1B6B /* Info.plist */ = {isa = PBXFileReference; lastKnownFileType = text.plist.xml; path = Info.plist; sourceTree = "<group>"; };
		F1C0A3D81F2E670100CE1B6B /* cp2.2.gpx */ = {isa = PBXFileReference; fileEncoding = 4; lastKnownFileType = text.xml; path = cp2.2.gpx; sourceTree = "<group>"; };
/* End PBXFileReference section */

/* Begin PBXFrameworksBuildPhase section */
		F1C0A3BA1F2E66D700CE1B6B /* Frameworks */ = {
			isa = PBXFrameworksBuildPhase;
			buildActionMask = 2147483647;
			files = (
			);
			runOnlyForDeploymentPostprocessing = 0;
		};
/* End PBXFrameworksBuildPhase section */

/* Begin PBXGroup section */
		F1C0A3B41F2E66D700CE1B6B = {
			isa = PBXGroup;
			children = (
				F17E76FD1F312E2A00BE20D4 /* ny1.4.gpx */,
				F17E76FB1F311D7C00BE20D4 /* cp2.4.gpx */,
				F17E76F91F311B2A00BE20D4 /* cp2.3.gpx */,
				F17E76F71F3117A100BE20D4 /* ny1.3.gpx */,
				F17E76F51F310CC500BE20D4 /* ny1.2.gpx */,
				F17E76F31F310C4900BE20D4 /* ny1.1.gpx */,
				F1C0A3D81F2E670100CE1B6B /* cp2.2.gpx */,
				F1C0A3BF1F2E66D700CE1B6B /* pokemon */,
				F1C0A3BE1F2E66D700CE1B6B /* Products */,
			);
			sourceTree = "<group>";
		};
		F1C0A3BE1F2E66D700CE1B6B /* Products */ = {
			isa = PBXGroup;
			children = (
				F1C0A3BD1F2E66D700CE1B6B /* pokemon.app */,
			);
			name = Products;
			sourceTree = "<group>";
		};
		F1C0A3BF1F2E66D700CE1B6B /* pokemon */ = {
			isa = PBXGroup;
			children = (
				F1C0A3C01F2E66D700CE1B6B /* AppDelegate.swift */,
				F1C0A3C21F2E66D700CE1B6B /* GameScene.sks */,
				F1C0A3C41F2E66D700CE1B6B /* Actions.sks */,
				F1C0A3C61F2E66D700CE1B6B /* GameScene.swift */,
				F1C0A3C81F2E66D700CE1B6B /* GameViewController.swift */,
				F1C0A3CA1F2E66D700CE1B6B /* Main.storyboard */,
				F1C0A3CD1F2E66D700CE1B6B /* Assets.xcassets */,
				F1C0A3CF1F2E66D700CE1B6B /* LaunchScreen.storyboard */,
				F1C0A3D21F2E66D700CE1B6B /* Info.plist */,
			);
			path = pokemon;
			sourceTree = "<group>";
		};
/* End PBXGroup section */

/* Begin PBXNativeTarget section */
		F1C0A3BC1F2E66D700CE1B6B /* pokemon */ = {
			isa = PBXNativeTarget;
			buildConfigurationList = F1C0A3D51F2E66D700CE1B6B /* Build configuration list for PBXNativeTarget "pokemon" */;
			buildPhases = (
				F1C0A3B91F2E66D700CE1B6B /* Sources */,
				F1C0A3BA1F2E66D700CE1B6B /* Frameworks */,
				F1C0A3BB1F2E66D700CE1B6B /* Resources */,
			);
			buildRules = (
			);
			dependencies = (
			);
			name = pokemon;
			productName = pokemon;
			productReference = F1C0A3BD1F2E66D700CE1B6B /* pokemon.app */;
			productType = "com.apple.product-type.application";
		};
/* End PBXNativeTarget section */

/* Begin PBXProject section */
		F1C0A3B51F2E66D700CE1B6B /* Project object */ = {
			isa = PBXProject;
			attributes = {
				LastSwiftUpdateCheck = 0830;
				LastUpgradeCheck = 0830;
				ORGANIZATIONNAME = "Andy Feng";
				TargetAttributes = {
					F1C0A3BC1F2E66D700CE1B6B = {
						CreatedOnToolsVersion = 8.3.3;
						DevelopmentTeam = 32H24EKY3R;
						ProvisioningStyle = Automatic;
					};
				};
			};
			buildConfigurationList = F1C0A3B81F2E66D700CE1B6B /* Build configuration list for PBXProject "pokemon" */;
			compatibilityVersion = "Xcode 3.2";
			developmentRegion = English;
			hasScannedForEncodings = 0;
			knownRegions = (
				en,
				Base,
			);
			mainGroup = F1C0A3B41F2E66D700CE1B6B;
			productRefGroup = F1C0A3BE1F2E66D700CE1B6B /* Products */;
			projectDirPath = "";
			projectRoot = "";
			targets = (
				F1C0A3BC1F2E66D700CE1B6B /* pokemon */,
			);
		};
/* End PBXProject section */

/* Begin PBXResourcesBuildPhase section */
		F1C0A3BB1F2E66D700CE1B6B /* Resources */ = {
			isa = PBXResourcesBuildPhase;
			buildActionMask = 2147483647;
			files = (
				F17E76FE1F312E2A00BE20D4 /* ny1.4.gpx in Resources */,
				F17E76FC1F311D7C00BE20D4 /* cp2.4.gpx in Resources */,
				F17E76F81F3117A100BE20D4 /* ny1.3.gpx in Resources */,
				F1C0A3CC1F2E66D700CE1B6B /* Main.storyboard in Resources */,
				F1C0A3C31F2E66D700CE1B6B /* GameScene.sks in Resources */,
				F17E76F41F310C4900BE20D4 /* ny1.1.gpx in Resources */,
				F1C0A3CE1F2E66D700CE1B6B /* Assets.xcassets in Resources */,
				F1C0A3D91F2E670100CE1B6B /* cp2.2.gpx in Resources */,
				F1C0A3D11F2E66D700CE1B6B /* LaunchScreen.storyboard in Resources */,
				F17E76F61F310CC500BE20D4 /* ny1.2.gpx in Resources */,
				F17E76FA1F311B2A00BE20D4 /* cp2.3.gpx in Resources */,
				F1C0A3C51F2E66D700CE1B6B /* Actions.sks in Resources */,
			);
			runOnlyForDeploymentPostprocessing = 0;
		};
/* End PBXResourcesBuildPhase section */

/* Begin PBXSourcesBuildPhase section */
		F1C0A3B91F2E66D700CE1B6B /* Sources */ = {
			isa = PBXSourcesBuildPhase;
			buildActionMask = 2147483647;
			files = (
				F1C0A3C71F2E66D700CE1B6B /* GameScene.swift in Sources */,
				F1C0A3C91F2E66D700CE1B6B /* GameViewController.swift in Sources */,
				F1C0A3C11F2E66D700CE1B6B /* AppDelegate.swift in Sources */,
			);
			runOnlyForDeploymentPostprocessing = 0;
		};
/* End PBXSourcesBuildPhase section */

/* Begin PBXVariantGroup section */
		F1C0A3CA1F2E66D700CE1B6B /* Main.storyboard */ = {
			isa = PBXVariantGroup;
			children = (
				F1C0A3CB1F2E66D700CE1B6B /* Base */,
			);
			name = Main.storyboard;
			sourceTree = "<group>";
		};
		F1C0A3CF1F2E66D700CE1B6B /* LaunchScreen.storyboard */ = {
			isa = PBXVariantGroup;
			children = (
				F1C0A3D01F2E66D700CE1B6B /* Base */,
			);
			name = LaunchScreen.storyboard;
			sourceTree = "<group>";
		};
/* End PBXVariantGroup section */

/* Begin XCBuildConfiguration section */
		F1C0A3D31F2E66D700CE1B6B /* Debug */ = {
			isa = XCBuildConfiguration;
			buildSettings = {
				ALWAYS_SEARCH_USER_PATHS = NO;
				CLANG_ANALYZER_NONNULL = YES;
				CLANG_ANALYZER_NUMBER_OBJECT_CONVERSION = YES_AGGRESSIVE;
				CLANG_CXX_LANGUAGE_STANDARD = "gnu++0x";
				CLANG_CXX_LIBRARY = "libc++";
				CLANG_ENABLE_MODULES = YES;
				CLANG_ENABLE_OBJC_ARC = YES;
				CLANG_WARN_BOOL_CONVERSION = YES;
				CLANG_WARN_CONSTANT_CONVERSION = YES;
				CLANG_WARN_DIRECT_OBJC_ISA_USAGE = YES_ERROR;
				CLANG_WARN_DOCUMENTATION_COMMENTS = YES;
				CLANG_WARN_EMPTY_BODY = YES;
				CLANG_WARN_ENUM_CONVERSION = YES;
				CLANG_WARN_INFINITE_RECURSION = YES;
				CLANG_WARN_INT_CONVERSION = YES;
				CLANG_WARN_OBJC_ROOT_CLASS = YES_ERROR;
				CLANG_WARN_SUSPICIOUS_MOVE = YES;
				CLANG_WARN_UNREACHABLE_CODE = YES;
				CLANG_WARN__DUPLICATE_METHOD_MATCH = YES;
				"CODE_SIGN_IDENTITY[sdk=iphoneos*]" = "iPhone Developer";
				COPY_PHASE_STRIP = NO;
				DEBUG_INFORMATION_FORMAT = dwarf;
				ENABLE_STRICT_OBJC_MSGSEND = YES;
				ENABLE_TESTABILITY = YES;
				GCC_C_LANGUAGE_STANDARD = gnu99;
				GCC_DYNAMIC_NO_PIC = NO;
				GCC_NO_COMMON_BLOCKS = YES;
				GCC_OPTIMIZATION_LEVEL = 0;
				GCC_PREPROCESSOR_DEFINITIONS = (
					"DEBUG=1",
					"$(inherited)",
				);
				GCC_WARN_64_TO_32_BIT_CONVERSION = YES;
				GCC_WARN_ABOUT_RETURN_TYPE = YES_ERROR;
				GCC_WARN_UNDECLARED_SELECTOR = YES;
				GCC_WARN_UNINITIALIZED_AUTOS = YES_AGGRESSIVE;
				GCC_WARN_UNUSED_FUNCTION = YES;
				GCC_WARN_UNUSED_VARIABLE = YES;
				IPHONEOS_DEPLOYMENT_TARGET = 10.3;
				MTL_ENABLE_DEBUG_INFO = YES;
				ONLY_ACTIVE_ARCH = YES;
				SDKROOT = iphoneos;
				SWIFT_ACTIVE_COMPILATION_CONDITIONS = DEBUG;
				SWIFT_OPTIMIZATION_LEVEL = "-Onone";
				TARGETED_DEVICE_FAMILY = "1,2";
			};
			name = Debug;
		};
		F1C0A3D41F2E66D700CE1B6B /* Release */ = {
			isa = XCBuildConfiguration;
			buildSettings = {
				ALWAYS_SEARCH_USER_PATHS = NO;
				CLANG_ANALYZER_NONNULL = YES;
				CLANG_ANALYZER_NUMBER_OBJECT_CONVERSION = YES_AGGRESSIVE;
				CLANG_CXX_LANGUAGE_STANDARD = "gnu++0x";
				CLANG_CXX_LIBRARY = "libc++";
				CLANG_ENABLE_MODULES = YES;
				CLANG_ENABLE_OBJC_ARC = YES;
				CLANG_WARN_BOOL_CONVERSION = YES;
				CLANG_WARN_CONSTANT_CONVERSION = YES;
				CLANG_WARN_DIRECT_OBJC_ISA_USAGE = YES_ERROR;
				CLANG_WARN_DOCUMENTATION_COMMENTS = YES;
				CLANG_WARN_EMPTY_BODY = YES;
				CLANG_WARN_ENUM_CONVERSION = YES;
				CLANG_WARN_INFINITE_RECURSION = YES;
				CLANG_WARN_INT_CONVERSION = YES;
				CLANG_WARN_OBJC_ROOT_CLASS = YES_ERROR;
				CLANG_WARN_SUSPICIOUS_MOVE = YES;
				CLANG_WARN_UNREACHABLE_CODE = YES;
				CLANG_WARN__DUPLICATE_METHOD_MATCH = YES;
				"CODE_SIGN_IDENTITY[sdk=iphoneos*]" = "iPhone Developer";
				COPY_PHASE_STRIP = NO;
				DEBUG_INFORMATION_FORMAT = "dwarf-with-dsym";
				ENABLE_NS_ASSERTIONS = NO;
				ENABLE_STRICT_OBJC_MSGSEND = YES;
				GCC_C_LANGUAGE_STANDARD = gnu99;
				GCC_NO_COMMON_BLOCKS = YES;
				GCC_WARN_64_TO_32_BIT_CONVERSION = YES;
				GCC_WARN_ABOUT_RETURN_TYPE = YES_ERROR;
				GCC_WARN_UNDECLARED_SELECTOR = YES;
				GCC_WARN_UNINITIALIZED_AUTOS = YES_AGGRESSIVE;
				GCC_WARN_UNUSED_FUNCTION = YES;
				GCC_WARN_UNUSED_VARIABLE = YES;
				IPHONEOS_DEPLOYMENT_TARGET = 10.3;
				MTL_ENABLE_DEBUG_INFO = NO;
				SDKROOT = iphoneos;
				SWIFT_OPTIMIZATION_LEVEL = "-Owholemodule";
				TARGETED_DEVICE_FAMILY = "1,2";
				VALIDATE_PRODUCT = YES;
			};
			name = Release;
		};
		F1C0A3D61F2E66D700CE1B6B /* Debug */ = {
			isa = XCBuildConfiguration;
			buildSettings = {
				ASSETCATALOG_COMPILER_APPICON_NAME = AppIcon;
				DEVELOPMENT_TEAM = 32H24EKY3R;
				INFOPLIST_FILE = pokemon/Info.plist;
				LD_RUNPATH_SEARCH_PATHS = "$(inherited) @executable_path/Frameworks";
				PRODUCT_BUNDLE_IDENTIFIER = com.andyfeng.pokemon;
				PRODUCT_NAME = "$(TARGET_NAME)";
				SWIFT_VERSION = 3.0;
			};
			name = Debug;
		};
		F1C0A3D71F2E66D700CE1B6B /* Release */ = {
			isa = XCBuildConfiguration;
			buildSettings = {
				ASSETCATALOG_COMPILER_APPICON_NAME = AppIcon;
				DEVELOPMENT_TEAM = 32H24EKY3R;
				INFOPLIST_FILE = pokemon/Info.plist;
				LD_RUNPATH_SEARCH_PATHS = "$(inherited) @executable_path/Frameworks";
				PRODUCT_BUNDLE_IDENTIFIER = com.andyfeng.pokemon;
				PRODUCT_NAME = "$(TARGET_NAME)";
				SWIFT_VERSION = 3.0;
			};
			name = Release;
		};
/* End XCBuildConfiguration section */

/* Begin XCConfigurationList section */
		F1C0A3B81F2E66D700CE1B6B /* Build configuration list for PBXProject "pokemon" */ = {
			isa = XCConfigurationList;
			buildConfigurations = (
				F1C0A3D31F2E66D700CE1B6B /* Debug */,
				F1C0A3D41F2E66D700CE1B6B /* Release */,
			);
			defaultConfigurationIsVisible = 0;
			defaultConfigurationName = Release;
		};
		F1C0A3D51F2E66D700CE1B6B /* Build configuration list for PBXNativeTarget "pokemon" */ = {
			isa = XCConfigurationList;
			buildConfigurations = (
				F1C0A3D61F2E66D700CE1B6B /* Debug */,
				F1C0A3D71F2E66D700CE1B6B /* Release */,
			);
			defaultConfigurationIsVisible = 0;
			defaultConfigurationName = Release;
		};
/* End XCConfigurationList section */
	};
	rootObject = F1C0A3B51F2E66D700CE1B6B /* Project object */;
}
